
Microsoft Visual Studio Solution File, Format Version 12.00
# Visual Studio Version 17
VisualStudioVersion = 17.12.35707.178 d17.12
MinimumVisualStudioVersion = 10.0.40219.1
Project("{FAE04EC0-301F-11D3-BF4B-00C04F79EFBC}") = "Class , Struct , record", "Class , Struct , record\Class , Struct , record.csproj", "{341DF4D5-7B4F-40B8-9DAE-5B198DAC40D3}"
EndProject
Global
	GlobalSection(SolutionConfigurationPlatforms) = preSolution
		Debug|Any CPU = Debug|Any CPU
		Release|Any CPU = Release|Any CPU
	EndGlobalSection
	GlobalSection(ProjectConfigurationPlatforms) = postSolution
		{341DF4D5-7B4F-40B8-9DAE-5B198DAC40D3}.Debug|Any CPU.ActiveCfg = Debug|Any CPU
		{341DF4D5-7B4F-40B8-9DAE-5B198DAC40D3}.Debug|Any CPU.Build.0 = Debug|Any CPU
		{341DF4D5-7B4F-40B8-9DAE-5B198DAC40D3}.Release|Any CPU.ActiveCfg = Release|Any CPU
		{341DF4D5-7B4F-40B8-9DAE-5B198DAC40D3}.Release|Any CPU.Build.0 = Release|Any CPU
	EndGlobalSection
	GlobalSection(SolutionProperties) = preSolution
		HideSolutionNode = FALSE
	EndGlobalSection
EndGlobal
